
Microsoft Visual Studio Solution File, Format Version 12.00
# Visual Studio Version 17
VisualStudioVersion = 17.8.34330.188
MinimumVisualStudioVersion = 10.0.40219.1
Project("{9A19103F-16F7-4668-BE54-9A1E7A4F7556}") = "ApiBoleto", "ApiBoleto.csproj", "{143A5E11-FED3-4227-A5F9-AB3F685520CF}"
EndProject
Global
	GlobalSection(SolutionConfigurationPlatforms) = preSolution
		Debug|Any CPU = Debug|Any CPU
		Release|Any CPU = Release|Any CPU
	EndGlobalSection
	GlobalSection(ProjectConfigurationPlatforms) = postSolution
		{143A5E11-FED3-4227-A5F9-AB3F685520CF}.Debug|Any CPU.ActiveCfg = Debug|Any CPU
		{143A5E11-FED3-4227-A5F9-AB3F685520CF}.Debug|Any CPU.Build.0 = Debug|Any CPU
		{143A5E11-FED3-4227-A5F9-AB3F685520CF}.Release|Any CPU.ActiveCfg = Release|Any CPU
		{143A5E11-FED3-4227-A5F9-AB3F685520CF}.Release|Any CPU.Build.0 = Release|Any CPU
	EndGlobalSection
	GlobalSection(SolutionProperties) = preSolution
		HideSolutionNode = FALSE
	EndGlobalSection
	GlobalSection(ExtensibilityGlobals) = postSolution
		SolutionGuid = {6FD86FAA-24B1-4810-B8A0-43B210AE3001}
	EndGlobalSection
EndGlobal
